github.com/akyoto/colorable v0.1.4 h1:BPwbsaUmo90/JiwTB7v7TpRHkNsfIxsb9s25eASwwDg=
github.com/akyoto/colorable v0.1.4/go.mod h1:AUfZwbC9OzwBaIbVTyNpD2UmwPbh3ZQqpyrHzb2ZymY=
github.com/akyoto/tty v0.1.0 h1:JsqLCfihFhY8TISBOQ6pEEJC0U954EJYMk5wjMEn5es=
github.com/akyoto/tty v0.1.0/go.mod h1:UMkevvI7yitoMBNoA9ALtJU0AL/6XGNkyuh9DqPvIOs=
github.com/akyoto/tty v0.1.1 h1:ZOJpp9fj0Y0CNVl9j7MJ7sJvlf9yVlFyDTiahD8FbUo=
github.com/akyoto/tty v0.1.1/go.mod h1:DLx0iz7IeaEsdXQkZ5IN/YOoWRvuV+JOSy6AQjyxA50=
golang.org/x/sys v0.0.0-20190910064555-bbd175535a8b h1:3S2h5FadpNr0zUUCVZjlKIEYF+KaX/OBplTGo89CYHI=
golang.org/x/sys v0.0.0-20190910064555-bbd175535a8b/go.mod h1:h1NjWce9XRLGQEsW7wpKNCjG9DtNlClVuFLEZdDNbEs=
golang.org/x/sys v0.0.0-20191007154456-ef33b2fb2c41 h1:OC2BiV9nQHWgVMNbxZ5/eZKWnnd3Z4H9W5zdNvC4EBc=
golang.org/x/sys v0.0.0-20191007154456-ef33b2fb2c41/go.mod h1:h1NjWce9XRLGQEsW7wpKNCjG9DtNlClVuFLEZdDNbEs=
